
Microsoft Visual Studio Solution File, Format Version 12.00
# Visual Studio Version 17
VisualStudioVersion = 17.0.31912.275
MinimumVisualStudioVersion = 10.0.40219.1
Project("{9A19103F-16F7-4668-BE54-9A1E7A4F7556}") = "ActualBudget.Api", "src\ActualBudget.Api\ActualBudget.Api.csproj", "{10D919F6-FF18-458A-A06B-ED5015756371}"
EndProject
Project("{FAE04EC0-301F-11D3-BF4B-00C04F79EFBC}") = "ActualBudget.Api.FunctionalTests", "tests\ActualBudget.Api.FunctionalTests\ActualBudget.Api.FunctionalTests.csproj", "{8C20EF87-B654-485B-899E-4DB1063A748D}"
EndProject
Global
	GlobalSection(SolutionConfigurationPlatforms) = preSolution
		Debug|Any CPU = Debug|Any CPU
		Release|Any CPU = Release|Any CPU
	EndGlobalSection
	GlobalSection(ProjectConfigurationPlatforms) = postSolution
		{10D919F6-FF18-458A-A06B-ED5015756371}.Debug|Any CPU.ActiveCfg = Debug|Any CPU
		{10D919F6-FF18-458A-A06B-ED5015756371}.Debug|Any CPU.Build.0 = Debug|Any CPU
		{10D919F6-FF18-458A-A06B-ED5015756371}.Release|Any CPU.ActiveCfg = Release|Any CPU
		{10D919F6-FF18-458A-A06B-ED5015756371}.Release|Any CPU.Build.0 = Release|Any CPU
		{8C20EF87-B654-485B-899E-4DB1063A748D}.Debug|Any CPU.ActiveCfg = Debug|Any CPU
		{8C20EF87-B654-485B-899E-4DB1063A748D}.Debug|Any CPU.Build.0 = Debug|Any CPU
		{8C20EF87-B654-485B-899E-4DB1063A748D}.Release|Any CPU.ActiveCfg = Release|Any CPU
		{8C20EF87-B654-485B-899E-4DB1063A748D}.Release|Any CPU.Build.0 = Release|Any CPU
	EndGlobalSection
	GlobalSection(SolutionProperties) = preSolution
		HideSolutionNode = FALSE
	EndGlobalSection
	GlobalSection(ExtensibilityGlobals) = postSolution
		SolutionGuid = {B67C7014-5DC5-4B49-8C79-64C79F25477D}
	EndGlobalSection
EndGlobal
